PODS:
  - VCLoadTimeProfiler (0.1.1)

DEPENDENCIES:
  - VCLoadTimeProfiler (from `../`)

EXTERNAL SOURCES:
  VCLoadTimeProfiler:
    :path: "../"

SPEC CHECKSUMS:
  VCLoadTimeProfiler: b3304543748b52ea5d1e40f1e439e5b8d5f3e22b

PODFILE CHECKSUM: d0f77943c3e32e489a97d9506a28b6fda49c3741

COCOAPODS: 1.5.3
